
Microsoft Visual Studio Solution File, Format Version 12.00
# Visual Studio Version 17
VisualStudioVersion = 17.9.34701.34
MinimumVisualStudioVersion = 10.0.40219.1
Project("{9A19103F-16F7-4668-BE54-9A1E7A4F7556}") = "ConsoleLibrary", "ColoredConsoleLibrary\ConsoleLibrary.csproj", "{A5ADFB3B-A359-4700-8109-F665478DA7A9}"
EndProject
Project("{9A19103F-16F7-4668-BE54-9A1E7A4F7556}") = "Navigating Operand City", "Navigating Operand City\Navigating Operand City.csproj", "{0C2FD93A-C5D1-406A-87BF-7328DE6BB3A0}"
EndProject
Project("{9A19103F-16F7-4668-BE54-9A1E7A4F7556}") = "15-Puzzle", "15-Puzzle\15-Puzzle.csproj", "{D68CA827-D32E-4EC1-83DD-400194E393AD}"
EndProject
Project("{9A19103F-16F7-4668-BE54-9A1E7A4F7556}") = "Hunting the Manticore", "Hunting the Manticore\Hunting the Manticore.csproj", "{4CDFC47E-09E6-42E1-8C7A-A6A08403A112}"
EndProject
Project("{9A19103F-16F7-4668-BE54-9A1E7A4F7556}") = "Better Random", "Better Random\Better Random.csproj", "{D9C4006A-8818-4467-B008-7F0F9C15F83E}"
EndProject
Project("{FAE04EC0-301F-11D3-BF4B-00C04F79EFBC}") = "Tic-Tac-Toe", "Tic-Tac-Toe\Tic-Tac-Toe.csproj", "{26B7D8A4-DE79-445C-A788-86AB4CFE8287}"
EndProject
Global
	GlobalSection(SolutionConfigurationPlatforms) = preSolution
		Debug|Any CPU = Debug|Any CPU
		Release|Any CPU = Release|Any CPU
	EndGlobalSection
	GlobalSection(ProjectConfigurationPlatforms) = postSolution
		{A5ADFB3B-A359-4700-8109-F665478DA7A9}.Debug|Any CPU.ActiveCfg = Debug|Any CPU
		{A5ADFB3B-A359-4700-8109-F665478DA7A9}.Debug|Any CPU.Build.0 = Debug|Any CPU
		{A5ADFB3B-A359-4700-8109-F665478DA7A9}.Release|Any CPU.ActiveCfg = Release|Any CPU
		{A5ADFB3B-A359-4700-8109-F665478DA7A9}.Release|Any CPU.Build.0 = Release|Any CPU
		{0C2FD93A-C5D1-406A-87BF-7328DE6BB3A0}.Debug|Any CPU.ActiveCfg = Debug|Any CPU
		{0C2FD93A-C5D1-406A-87BF-7328DE6BB3A0}.Debug|Any CPU.Build.0 = Debug|Any CPU
		{0C2FD93A-C5D1-406A-87BF-7328DE6BB3A0}.Release|Any CPU.ActiveCfg = Release|Any CPU
		{0C2FD93A-C5D1-406A-87BF-7328DE6BB3A0}.Release|Any CPU.Build.0 = Release|Any CPU
		{D68CA827-D32E-4EC1-83DD-400194E393AD}.Debug|Any CPU.ActiveCfg = Debug|Any CPU
		{D68CA827-D32E-4EC1-83DD-400194E393AD}.Debug|Any CPU.Build.0 = Debug|Any CPU
		{D68CA827-D32E-4EC1-83DD-400194E393AD}.Release|Any CPU.ActiveCfg = Release|Any CPU
		{D68CA827-D32E-4EC1-83DD-400194E393AD}.Release|Any CPU.Build.0 = Release|Any CPU
		{4CDFC47E-09E6-42E1-8C7A-A6A08403A112}.Debug|Any CPU.ActiveCfg = Debug|Any CPU
		{4CDFC47E-09E6-42E1-8C7A-A6A08403A112}.Debug|Any CPU.Build.0 = Debug|Any CPU
		{4CDFC47E-09E6-42E1-8C7A-A6A08403A112}.Release|Any CPU.ActiveCfg = Release|Any CPU
		{4CDFC47E-09E6-42E1-8C7A-A6A08403A112}.Release|Any CPU.Build.0 = Release|Any CPU
		{D9C4006A-8818-4467-B008-7F0F9C15F83E}.Debug|Any CPU.ActiveCfg = Debug|Any CPU
		{D9C4006A-8818-4467-B008-7F0F9C15F83E}.Debug|Any CPU.Build.0 = Debug|Any CPU
		{D9C4006A-8818-4467-B008-7F0F9C15F83E}.Release|Any CPU.ActiveCfg = Release|Any CPU
		{D9C4006A-8818-4467-B008-7F0F9C15F83E}.Release|Any CPU.Build.0 = Release|Any CPU
		{26B7D8A4-DE79-445C-A788-86AB4CFE8287}.Debug|Any CPU.ActiveCfg = Debug|Any CPU
		{26B7D8A4-DE79-445C-A788-86AB4CFE8287}.Debug|Any CPU.Build.0 = Debug|Any CPU
		{26B7D8A4-DE79-445C-A788-86AB4CFE8287}.Release|Any CPU.ActiveCfg = Release|Any CPU
		{26B7D8A4-DE79-445C-A788-86AB4CFE8287}.Release|Any CPU.Build.0 = Release|Any CPU
	EndGlobalSection
	GlobalSection(SolutionProperties) = preSolution
		HideSolutionNode = FALSE
	EndGlobalSection
	GlobalSection(ExtensibilityGlobals) = postSolution
		SolutionGuid = {5AD47551-BA1F-403F-9BBE-70459D56F7E5}
	EndGlobalSection
EndGlobal
